# This file is automatically @generated by Wally.
# It is not intended for manual editing.
registry = "test"

[[package]]
name = "evaera/promise"
version = "4.0.0"
dependencies = []

[[package]]
name = "ffrostflame/bytenet"
version = "0.4.6"
dependencies = []

[[package]]
name = "lm-loleris/profilestore"
version = "1.0.3"
dependencies = []

[[package]]
name = "rains/project1"
version = "0.1.0"
dependencies = [["bytenet", "ffrostflame/bytenet@0.4.6"], ["promise", "evaera/promise@4.0.0"], ["profilestore", "lm-loleris/profilestore@1.0.3"]]
